
Microsoft Visual Studio Solution File, Format Version 12.00
# Visual Studio Version 17
VisualStudioVersion = 17.9.34607.119
MinimumVisualStudioVersion = 10.0.40219.1
Project("{9A19103F-16F7-4668-BE54-9A1E7A4F7556}") = "Todo.Entities", "Todo.Entities\Todo.Entities.csproj", "{89029850-289B-42FE-A3F0-581A896C0A2B}"
EndProject
Project("{2150E333-8FDC-42A3-9474-1A3956D46DE8}") = "Domain", "Domain", "{42FCF380-4878-4870-A4B1-6EC67AEBB1BA}"
EndProject
Project("{2150E333-8FDC-42A3-9474-1A3956D46DE8}") = "Infrastructure", "Infrastructure", "{1F8195A0-2CD6-49BB-87DC-3A2721A392C0}"
EndProject
Project("{2150E333-8FDC-42A3-9474-1A3956D46DE8}") = "Persistence", "Persistence", "{F8E41E99-5AA5-4291-AF30-A7B260267B4D}"
EndProject
Project("{9A19103F-16F7-4668-BE54-9A1E7A4F7556}") = "Todo.Data", "Todo.Data\Todo.Data.csproj", "{D0C358DF-36A4-41FA-9A5D-514A28B2CEFF}"
EndProject
Project("{9A19103F-16F7-4668-BE54-9A1E7A4F7556}") = "Todo.Repositories", "Todo.Repositories\Todo.Repositories.csproj", "{0BDA6456-B1F4-4C19-94F2-50F553306932}"
EndProject
Project("{2150E333-8FDC-42A3-9474-1A3956D46DE8}") = "Presentation", "Presentation", "{1C269DC5-5964-47B6-9A1F-9A7BD78156FE}"
EndProject
Project("{FAE04EC0-301F-11D3-BF4B-00C04F79EFBC}") = "Todo.API", "Todo.API\Todo.API.csproj", "{085D76E1-AA98-429C-952A-E4CD28427060}"
EndProject
Project("{2150E333-8FDC-42A3-9474-1A3956D46DE8}") = "Application", "Application", "{2718479B-F8BC-42E8-98DE-2350185A3614}"
EndProject
Project("{FAE04EC0-301F-11D3-BF4B-00C04F79EFBC}") = "Todo.Contracts", "Todo.Contracts\Todo.Contracts.csproj", "{0700796F-49D5-473E-B479-F70D5BBAD660}"
EndProject
Project("{FAE04EC0-301F-11D3-BF4B-00C04F79EFBC}") = "Todo.Models", "Todo.Models\Todo.Models.csproj", "{3A7087EC-348F-41E4-8978-BFB888B1950D}"
EndProject
Project("{FAE04EC0-301F-11D3-BF4B-00C04F79EFBC}") = "Todo.Service", "Todo.Service\Todo.Service.csproj", "{12720F88-F72B-49FA-9397-A3C22C263D7E}"
EndProject
Global
	GlobalSection(SolutionConfigurationPlatforms) = preSolution
		Debug|Any CPU = Debug|Any CPU
		Release|Any CPU = Release|Any CPU
	EndGlobalSection
	GlobalSection(ProjectConfigurationPlatforms) = postSolution
		{89029850-289B-42FE-A3F0-581A896C0A2B}.Debug|Any CPU.ActiveCfg = Debug|Any CPU
		{89029850-289B-42FE-A3F0-581A896C0A2B}.Debug|Any CPU.Build.0 = Debug|Any CPU
		{89029850-289B-42FE-A3F0-581A896C0A2B}.Release|Any CPU.ActiveCfg = Release|Any CPU
		{89029850-289B-42FE-A3F0-581A896C0A2B}.Release|Any CPU.Build.0 = Release|Any CPU
		{D0C358DF-36A4-41FA-9A5D-514A28B2CEFF}.Debug|Any CPU.ActiveCfg = Debug|Any CPU
		{D0C358DF-36A4-41FA-9A5D-514A28B2CEFF}.Debug|Any CPU.Build.0 = Debug|Any CPU
		{D0C358DF-36A4-41FA-9A5D-514A28B2CEFF}.Release|Any CPU.ActiveCfg = Release|Any CPU
		{D0C358DF-36A4-41FA-9A5D-514A28B2CEFF}.Release|Any CPU.Build.0 = Release|Any CPU
		{0BDA6456-B1F4-4C19-94F2-50F553306932}.Debug|Any CPU.ActiveCfg = Debug|Any CPU
		{0BDA6456-B1F4-4C19-94F2-50F553306932}.Debug|Any CPU.Build.0 = Debug|Any CPU
		{0BDA6456-B1F4-4C19-94F2-50F553306932}.Release|Any CPU.ActiveCfg = Release|Any CPU
		{0BDA6456-B1F4-4C19-94F2-50F553306932}.Release|Any CPU.Build.0 = Release|Any CPU
		{085D76E1-AA98-429C-952A-E4CD28427060}.Debug|Any CPU.ActiveCfg = Debug|Any CPU
		{085D76E1-AA98-429C-952A-E4CD28427060}.Debug|Any CPU.Build.0 = Debug|Any CPU
		{085D76E1-AA98-429C-952A-E4CD28427060}.Release|Any CPU.ActiveCfg = Release|Any CPU
		{085D76E1-AA98-429C-952A-E4CD28427060}.Release|Any CPU.Build.0 = Release|Any CPU
		{0700796F-49D5-473E-B479-F70D5BBAD660}.Debug|Any CPU.ActiveCfg = Debug|Any CPU
		{0700796F-49D5-473E-B479-F70D5BBAD660}.Debug|Any CPU.Build.0 = Debug|Any CPU
		{0700796F-49D5-473E-B479-F70D5BBAD660}.Release|Any CPU.ActiveCfg = Release|Any CPU
		{0700796F-49D5-473E-B479-F70D5BBAD660}.Release|Any CPU.Build.0 = Release|Any CPU
		{3A7087EC-348F-41E4-8978-BFB888B1950D}.Debug|Any CPU.ActiveCfg = Debug|Any CPU
		{3A7087EC-348F-41E4-8978-BFB888B1950D}.Debug|Any CPU.Build.0 = Debug|Any CPU
		{3A7087EC-348F-41E4-8978-BFB888B1950D}.Release|Any CPU.ActiveCfg = Release|Any CPU
		{3A7087EC-348F-41E4-8978-BFB888B1950D}.Release|Any CPU.Build.0 = Release|Any CPU
		{12720F88-F72B-49FA-9397-A3C22C263D7E}.Debug|Any CPU.ActiveCfg = Debug|Any CPU
		{12720F88-F72B-49FA-9397-A3C22C263D7E}.Debug|Any CPU.Build.0 = Debug|Any CPU
		{12720F88-F72B-49FA-9397-A3C22C263D7E}.Release|Any CPU.ActiveCfg = Release|Any CPU
		{12720F88-F72B-49FA-9397-A3C22C263D7E}.Release|Any CPU.Build.0 = Release|Any CPU
	EndGlobalSection
	GlobalSection(SolutionProperties) = preSolution
		HideSolutionNode = FALSE
	EndGlobalSection
	GlobalSection(NestedProjects) = preSolution
		{89029850-289B-42FE-A3F0-581A896C0A2B} = {42FCF380-4878-4870-A4B1-6EC67AEBB1BA}
		{F8E41E99-5AA5-4291-AF30-A7B260267B4D} = {1F8195A0-2CD6-49BB-87DC-3A2721A392C0}
		{D0C358DF-36A4-41FA-9A5D-514A28B2CEFF} = {F8E41E99-5AA5-4291-AF30-A7B260267B4D}
		{0BDA6456-B1F4-4C19-94F2-50F553306932} = {F8E41E99-5AA5-4291-AF30-A7B260267B4D}
		{085D76E1-AA98-429C-952A-E4CD28427060} = {1C269DC5-5964-47B6-9A1F-9A7BD78156FE}
		{0700796F-49D5-473E-B479-F70D5BBAD660} = {2718479B-F8BC-42E8-98DE-2350185A3614}
		{3A7087EC-348F-41E4-8978-BFB888B1950D} = {2718479B-F8BC-42E8-98DE-2350185A3614}
		{12720F88-F72B-49FA-9397-A3C22C263D7E} = {2718479B-F8BC-42E8-98DE-2350185A3614}
	EndGlobalSection
	GlobalSection(ExtensibilityGlobals) = postSolution
		SolutionGuid = {36A8176B-9340-4E85-A8A1-69E2550F361E}
	EndGlobalSection
EndGlobal
